
Microsoft Visual Studio Solution File, Format Version 12.00
# Visual Studio Version 17
VisualStudioVersion = 17.6.33723.286
MinimumVisualStudioVersion = 10.0.40219.1
Project("{8BC9CEB8-8B4A-11D0-8D11-00A0C91BC942}") = "homework_01_10_03_B", "homework_01_10_03_B\homework_01_10_03_B.vcxproj", "{3D148B02-BEAD-496B-B9E0-93186D6D172F}"
EndProject
Global
	GlobalSection(SolutionConfigurationPlatforms) = preSolution
		Debug|x64 = Debug|x64
		Debug|x86 = Debug|x86
		Release|x64 = Release|x64
		Release|x86 = Release|x86
	EndGlobalSection
	GlobalSection(ProjectConfigurationPlatforms) = postSolution
		{3D148B02-BEAD-496B-B9E0-93186D6D172F}.Debug|x64.ActiveCfg = Debug|x64
		{3D148B02-BEAD-496B-B9E0-93186D6D172F}.Debug|x64.Build.0 = Debug|x64
		{3D148B02-BEAD-496B-B9E0-93186D6D172F}.Debug|x86.ActiveCfg = Debug|Win32
		{3D148B02-BEAD-496B-B9E0-93186D6D172F}.Debug|x86.Build.0 = Debug|Win32
		{3D148B02-BEAD-496B-B9E0-93186D6D172F}.Release|x64.ActiveCfg = Release|x64
		{3D148B02-BEAD-496B-B9E0-93186D6D172F}.Release|x64.Build.0 = Release|x64
		{3D148B02-BEAD-496B-B9E0-93186D6D172F}.Release|x86.ActiveCfg = Release|Win32
		{3D148B02-BEAD-496B-B9E0-93186D6D172F}.Release|x86.Build.0 = Release|Win32
	EndGlobalSection
	GlobalSection(SolutionProperties) = preSolution
		HideSolutionNode = FALSE
	EndGlobalSection
	GlobalSection(ExtensibilityGlobals) = postSolution
		SolutionGuid = {1969078C-4033-469A-82BD-43AFF8EF4CB8}
	EndGlobalSection
EndGlobal
