
Microsoft Visual Studio Solution File, Format Version 12.00
# Visual Studio Version 17
VisualStudioVersion = 17.6.33723.286
MinimumVisualStudioVersion = 10.0.40219.1
Project("{8BC9CEB8-8B4A-11D0-8D11-00A0C91BC942}") = "homework_01_04_03", "homework_01_04_03\homework_01_04_03.vcxproj", "{0D35C905-430C-4D59-9288-A67B0569132A}"
EndProject
Global
	GlobalSection(SolutionConfigurationPlatforms) = preSolution
		Debug|x64 = Debug|x64
		Debug|x86 = Debug|x86
		Release|x64 = Release|x64
		Release|x86 = Release|x86
	EndGlobalSection
	GlobalSection(ProjectConfigurationPlatforms) = postSolution
		{0D35C905-430C-4D59-9288-A67B0569132A}.Debug|x64.ActiveCfg = Debug|x64
		{0D35C905-430C-4D59-9288-A67B0569132A}.Debug|x64.Build.0 = Debug|x64
		{0D35C905-430C-4D59-9288-A67B0569132A}.Debug|x86.ActiveCfg = Debug|Win32
		{0D35C905-430C-4D59-9288-A67B0569132A}.Debug|x86.Build.0 = Debug|Win32
		{0D35C905-430C-4D59-9288-A67B0569132A}.Release|x64.ActiveCfg = Release|x64
		{0D35C905-430C-4D59-9288-A67B0569132A}.Release|x64.Build.0 = Release|x64
		{0D35C905-430C-4D59-9288-A67B0569132A}.Release|x86.ActiveCfg = Release|Win32
		{0D35C905-430C-4D59-9288-A67B0569132A}.Release|x86.Build.0 = Release|Win32
	EndGlobalSection
	GlobalSection(SolutionProperties) = preSolution
		HideSolutionNode = FALSE
	EndGlobalSection
	GlobalSection(ExtensibilityGlobals) = postSolution
		SolutionGuid = {FCE6AF78-D44A-4F6E-9699-B5FE482403DF}
	EndGlobalSection
EndGlobal
